// !$*UTF8*$!
{
	archiveVersion = 1;
	classes = {
	};
	objectVersion = 51;
	objects = {

/* Begin PBXBuildFile section */
		1C61FA3AA1419E64CC41D1C7 /* Pods_Banner.framework in Frameworks */ = {isa = PBXBuildFile; fileRef = BB35B4F3FBFA5C18A0AE3C7F /* Pods_Banner.framework */; };
		956D79EE22F431FA004388D1 /* JatisDatePicker.swift in Sources */ = {isa = PBXBuildFile; fileRef = 956D79EB22F431FA004388D1 /* JatisDatePicker.swift */; };
		956D79EF22F431FA004388D1 /* UIApplicationExtension.swift in Sources */ = {isa = PBXBuildFile; fileRef = 956D79EC22F431FA004388D1 /* UIApplicationExtension.swift */; };
		956D79F022F431FA004388D1 /* UIViewExtension.swift in Sources */ = {isa = PBXBuildFile; fileRef = 956D79ED22F431FA004388D1 /* UIViewExtension.swift */; };
		956D79F322F4321F004388D1 /* DatePickerVC.swift in Sources */ = {isa = PBXBuildFile; fileRef = 956D79F222F4321F004388D1 /* DatePickerVC.swift */; };
		956D79F522F4322F004388D1 /* DateExtension.swift in Sources */ = {isa = PBXBuildFile; fileRef = 956D79F422F4322F004388D1 /* DateExtension.swift */; };
		B8012BB52270675700392DD4 /* someView.xib in Resources */ = {isa = PBXBuildFile; fileRef = B8012BB42270675700392DD4 /* someView.xib */; };
		B8012BB722706D3C00392DD4 /* SomeView.swift in Sources */ = {isa = PBXBuildFile; fileRef = B8012BB622706D3C00392DD4 /* SomeView.swift */; };
		B8012BB922706DA200392DD4 /* ExampleJatisViewVC.swift in Sources */ = {isa = PBXBuildFile; fileRef = B8012BB822706DA200392DD4 /* ExampleJatisViewVC.swift */; };
		B80E629822683AD800DFDB71 /* Pics in Resources */ = {isa = PBXBuildFile; fileRef = B80E629722683AD800DFDB71 /* Pics */; };
		B83FA50F2278132500B86370 /* JatisCalendar.swift in Sources */ = {isa = PBXBuildFile; fileRef = B83FA50E2278132500B86370 /* JatisCalendar.swift */; };
		B83FA5122278153B00B86370 /* JatisCalendarViewController.swift in Sources */ = {isa = PBXBuildFile; fileRef = B83FA5112278153B00B86370 /* JatisCalendarViewController.swift */; };
		B84297162276E2A600B2EDE5 /* TextFieldViewController.swift in Sources */ = {isa = PBXBuildFile; fileRef = B84297152276E2A600B2EDE5 /* TextFieldViewController.swift */; };
		B84297192276E34700B2EDE5 /* JatisTextField.swift in Sources */ = {isa = PBXBuildFile; fileRef = B84297182276E34700B2EDE5 /* JatisTextField.swift */; };
		B85E3943227ABB0F005FBB46 /* eye.png in Resources */ = {isa = PBXBuildFile; fileRef = B85E3942227ABB0F005FBB46 /* eye.png */; };
		B86BDD9422F192B000C5368D /* JatisTextView.swift in Sources */ = {isa = PBXBuildFile; fileRef = B86BDD9322F192B000C5368D /* JatisTextView.swift */; };
		B86BDD9722F1955000C5368D /* TextViewVC.swift in Sources */ = {isa = PBXBuildFile; fileRef = B86BDD9622F1955000C5368D /* TextViewVC.swift */; };
		B8882CC2227E96F4000C9050 /* JatisBanner2.swift in Sources */ = {isa = PBXBuildFile; fileRef = B8882CC1227E96F4000C9050 /* JatisBanner2.swift */; };
		B8882CC4227E9D9F000C9050 /* JatisTextField2.swift in Sources */ = {isa = PBXBuildFile; fileRef = B8882CC3227E9D9F000C9050 /* JatisTextField2.swift */; };
		B8B43941226F0D7700DF79C8 /* CollectionViewJatisBannerExtension.swift in Sources */ = {isa = PBXBuildFile; fileRef = B8B43940226F0D7700DF79C8 /* CollectionViewJatisBannerExtension.swift */; };
		B8B63109226239C20049B2C5 /* AppDelegate.swift in Sources */ = {isa = PBXBuildFile; fileRef = B8B63108226239C20049B2C5 /* AppDelegate.swift */; };
		B8B6310B226239C20049B2C5 /* LoadBannerViewController.swift in Sources */ = {isa = PBXBuildFile; fileRef = B8B6310A226239C20049B2C5 /* LoadBannerViewController.swift */; };
		B8B6310E226239C20049B2C5 /* Main.storyboard in Resources */ = {isa = PBXBuildFile; fileRef = B8B6310C226239C20049B2C5 /* Main.storyboard */; };
		B8B63110226239C40049B2C5 /* Assets.xcassets in Resources */ = {isa = PBXBuildFile; fileRef = B8B6310F226239C40049B2C5 /* Assets.xcassets */; };
		B8B63113226239C40049B2C5 /* LaunchScreen.storyboard in Resources */ = {isa = PBXBuildFile; fileRef = B8B63111226239C40049B2C5 /* LaunchScreen.storyboard */; };
		B8B6311E226239C50049B2C5 /* BannerTests.swift in Sources */ = {isa = PBXBuildFile; fileRef = B8B6311D226239C50049B2C5 /* BannerTests.swift */; };
		B8B63129226239C50049B2C5 /* BannerUITests.swift in Sources */ = {isa = PBXBuildFile; fileRef = B8B63128226239C50049B2C5 /* BannerUITests.swift */; };
		B8B6313722623A1F0049B2C5 /* JatisBanner.swift in Sources */ = {isa = PBXBuildFile; fileRef = B8B6313622623A1F0049B2C5 /* JatisBanner.swift */; };
		B8CB50D022C211A0006E0BE7 /* TablePopUpViewController.swift in Sources */ = {isa = PBXBuildFile; fileRef = B8CB50CF22C211A0006E0BE7 /* TablePopUpViewController.swift */; };
		B8DAF5FE227037E700B9DD15 /* ExampleBannerViewController.swift in Sources */ = {isa = PBXBuildFile; fileRef = B8DAF5FD227037E700B9DD15 /* ExampleBannerViewController.swift */; };
		B8DAF6002270492A00B9DD15 /* JatisShadow.swift in Sources */ = {isa = PBXBuildFile; fileRef = B8DAF5FF2270492A00B9DD15 /* JatisShadow.swift */; };
		B8DAF60422704BF700B9DD15 /* JatisViewLoaderVC.swift in Sources */ = {isa = PBXBuildFile; fileRef = B8DAF60322704BF700B9DD15 /* JatisViewLoaderVC.swift */; };
		B8FB4EB822C2123A0026097C /* JatisPopUpTable.swift in Sources */ = {isa = PBXBuildFile; fileRef = B8FB4EB722C2123A0026097C /* JatisPopUpTable.swift */; };
/* End PBXBuildFile section */

/* Begin PBXContainerItemProxy section */
		B8B6311A226239C50049B2C5 /* PBXContainerItemProxy */ = {
			isa = PBXContainerItemProxy;
			containerPortal = B8B630FD226239C20049B2C5 /* Project object */;
			proxyType = 1;
			remoteGlobalIDString = B8B63104226239C20049B2C5;
			remoteInfo = Banner;
		};
		B8B63125226239C50049B2C5 /* PBXContainerItemProxy */ = {
			isa = PBXContainerItemProxy;
			containerPortal = B8B630FD226239C20049B2C5 /* Project object */;
			proxyType = 1;
			remoteGlobalIDString = B8B63104226239C20049B2C5;
			remoteInfo = Banner;
		};
/* End PBXContainerItemProxy section */

/* Begin PBXFileReference section */
		2B7D0C9AB06AAEC8CABC150D /* Pods-Banner.debug.xcconfig */ = {isa = PBXFileReference; includeInIndex = 1; lastKnownFileType = text.xcconfig; name = "Pods-Banner.debug.xcconfig"; path = "Target Support Files/Pods-Banner/Pods-Banner.debug.xcconfig"; sourceTree = "<group>"; };
		8FB3DCDEB81AEF91C06EA10D /* Pods-Banner.release.xcconfig */ = {isa = PBXFileReference; includeInIndex = 1; lastKnownFileType = text.xcconfig; name = "Pods-Banner.release.xcconfig"; path = "Target Support Files/Pods-Banner/Pods-Banner.release.xcconfig"; sourceTree = "<group>"; };
		956D79EB22F431FA004388D1 /* JatisDatePicker.swift */ = {isa = PBXFileReference; fileEncoding = 4; lastKnownFileType = sourcecode.swift; path = JatisDatePicker.swift; sourceTree = "<group>"; };
		956D79EC22F431FA004388D1 /* UIApplicationExtension.swift */ = {isa = PBXFileReference; fileEncoding = 4; lastKnownFileType = sourcecode.swift; path = UIApplicationExtension.swift; sourceTree = "<group>"; };
		956D79ED22F431FA004388D1 /* UIViewExtension.swift */ = {isa = PBXFileReference; fileEncoding = 4; lastKnownFileType = sourcecode.swift; path = UIViewExtension.swift; sourceTree = "<group>"; };
		956D79F222F4321F004388D1 /* DatePickerVC.swift */ = {isa = PBXFileReference; lastKnownFileType = sourcecode.swift; path = DatePickerVC.swift; sourceTree = "<group>"; };
		956D79F422F4322F004388D1 /* DateExtension.swift */ = {isa = PBXFileReference; lastKnownFileType = sourcecode.swift; path = DateExtension.swift; sourceTree = "<group>"; };
		B8012BB42270675700392DD4 /* someView.xib */ = {isa = PBXFileReference; lastKnownFileType = file.xib; path = someView.xib; sourceTree = "<group>"; };
		B8012BB622706D3C00392DD4 /* SomeView.swift */ = {isa = PBXFileReference; lastKnownFileType = sourcecode.swift; path = SomeView.swift; sourceTree = "<group>"; };
		B8012BB822706DA200392DD4 /* ExampleJatisViewVC.swift */ = {isa = PBXFileReference; lastKnownFileType = sourcecode.swift; path = ExampleJatisViewVC.swift; sourceTree = "<group>"; };
		B80E629722683AD800DFDB71 /* Pics */ = {isa = PBXFileReference; lastKnownFileType = folder; path = Pics; sourceTree = "<group>"; };
		B83FA50E2278132500B86370 /* JatisCalendar.swift */ = {isa = PBXFileReference; lastKnownFileType = sourcecode.swift; path = JatisCalendar.swift; sourceTree = "<group>"; };
		B83FA5112278153B00B86370 /* JatisCalendarViewController.swift */ = {isa = PBXFileReference; lastKnownFileType = sourcecode.swift; path = JatisCalendarViewController.swift; sourceTree = "<group>"; };
		B84297152276E2A600B2EDE5 /* TextFieldViewController.swift */ = {isa = PBXFileReference; lastKnownFileType = sourcecode.swift; path = TextFieldViewController.swift; sourceTree = "<group>"; };
		B84297182276E34700B2EDE5 /* JatisTextField.swift */ = {isa = PBXFileReference; lastKnownFileType = sourcecode.swift; path = JatisTextField.swift; sourceTree = "<group>"; };
		B85E3942227ABB0F005FBB46 /* eye.png */ = {isa = PBXFileReference; lastKnownFileType = image.png; path = eye.png; sourceTree = "<group>"; };
		B86BDD9322F192B000C5368D /* JatisTextView.swift */ = {isa = PBXFileReference; lastKnownFileType = sourcecode.swift; path = JatisTextView.swift; sourceTree = "<group>"; };
		B86BDD9622F1955000C5368D /* TextViewVC.swift */ = {isa = PBXFileReference; lastKnownFileType = sourcecode.swift; path = TextViewVC.swift; sourceTree = "<group>"; };
		B8882CC1227E96F4000C9050 /* JatisBanner2.swift */ = {isa = PBXFileReference; lastKnownFileType = sourcecode.swift; path = JatisBanner2.swift; sourceTree = "<group>"; };
		B8882CC3227E9D9F000C9050 /* JatisTextField2.swift */ = {isa = PBXFileReference; lastKnownFileType = sourcecode.swift; path = JatisTextField2.swift; sourceTree = "<group>"; };
		B8B43940226F0D7700DF79C8 /* CollectionViewJatisBannerExtension.swift */ = {isa = PBXFileReference; lastKnownFileType = sourcecode.swift; path = CollectionViewJatisBannerExtension.swift; sourceTree = "<group>"; };
		B8B63105226239C20049B2C5 /* Banner.app */ = {isa = PBXFileReference; explicitFileType = wrapper.application; includeInIndex = 0; path = Banner.app; sourceTree = BUILT_PRODUCTS_DIR; };
		B8B63108226239C20049B2C5 /* AppDelegate.swift */ = {isa = PBXFileReference; lastKnownFileType = sourcecode.swift; path = AppDelegate.swift; sourceTree = "<group>"; };
		B8B6310A226239C20049B2C5 /* LoadBannerViewController.swift */ = {isa = PBXFileReference; lastKnownFileType = sourcecode.swift; path = LoadBannerViewController.swift; sourceTree = "<group>"; };
		B8B6310D226239C20049B2C5 /* Base */ = {isa = PBXFileReference; lastKnownFileType = file.storyboard; name = Base; path = Base.lproj/Main.storyboard; sourceTree = "<group>"; };
		B8B6310F226239C40049B2C5 /* Assets.xcassets */ = {isa = PBXFileReference; lastKnownFileType = folder.assetcatalog; path = Assets.xcassets; sourceTree = "<group>"; };
		B8B63112226239C40049B2C5 /* Base */ = {isa = PBXFileReference; lastKnownFileType = file.storyboard; name = Base; path = Base.lproj/LaunchScreen.storyboard; sourceTree = "<group>"; };
		B8B63114226239C40049B2C5 /* Info.plist */ = {isa = PBXFileReference; lastKnownFileType = text.plist.xml; path = Info.plist; sourceTree = "<group>"; };
		B8B63119226239C50049B2C5 /* BannerTests.xctest */ = {isa = PBXFileReference; explicitFileType = wrapper.cfbundle; includeInIndex = 0; path = BannerTests.xctest; sourceTree = BUILT_PRODUCTS_DIR; };
		B8B6311D226239C50049B2C5 /* BannerTests.swift */ = {isa = PBXFileReference; lastKnownFileType = sourcecode.swift; path = BannerTests.swift; sourceTree = "<group>"; };
		B8B6311F226239C50049B2C5 /* Info.plist */ = {isa = PBXFileReference; lastKnownFileType = text.plist.xml; path = Info.plist; sourceTree = "<group>"; };
		B8B63124226239C50049B2C5 /* BannerUITests.xctest */ = {isa = PBXFileReference; explicitFileType = wrapper.cfbundle; includeInIndex = 0; path = BannerUITests.xctest; sourceTree = BUILT_PRODUCTS_DIR; };
		B8B63128226239C50049B2C5 /* BannerUITests.swift */ = {isa = PBXFileReference; lastKnownFileType = sourcecode.swift; path = BannerUITests.swift; sourceTree = "<group>"; };
		B8B6312A226239C50049B2C5 /* Info.plist */ = {isa = PBXFileReference; lastKnownFileType = text.plist.xml; path = Info.plist; sourceTree = "<group>"; };
		B8B6313622623A1F0049B2C5 /* JatisBanner.swift */ = {isa = PBXFileReference; lastKnownFileType = sourcecode.swift; path = JatisBanner.swift; sourceTree = "<group>"; };
		B8CB50CF22C211A0006E0BE7 /* TablePopUpViewController.swift */ = {isa = PBXFileReference; lastKnownFileType = sourcecode.swift; path = TablePopUpViewController.swift; sourceTree = "<group>"; };
		B8DAF5FD227037E700B9DD15 /* ExampleBannerViewController.swift */ = {isa = PBXFileReference; lastKnownFileType = sourcecode.swift; path = ExampleBannerViewController.swift; sourceTree = "<group>"; };
		B8DAF5FF2270492A00B9DD15 /* JatisShadow.swift */ = {isa = PBXFileReference; lastKnownFileType = sourcecode.swift; path = JatisShadow.swift; sourceTree = "<group>"; };
		B8DAF60322704BF700B9DD15 /* JatisViewLoaderVC.swift */ = {isa = PBXFileReference; lastKnownFileType = sourcecode.swift; path = JatisViewLoaderVC.swift; sourceTree = "<group>"; };
		B8FB4EB722C2123A0026097C /* JatisPopUpTable.swift */ = {isa = PBXFileReference; lastKnownFileType = sourcecode.swift; path = JatisPopUpTable.swift; sourceTree = "<group>"; };
		BB35B4F3FBFA5C18A0AE3C7F /* Pods_Banner.framework */ = {isa = PBXFileReference; explicitFileType = wrapper.framework; includeInIndex = 0; path = Pods_Banner.framework; sourceTree = BUILT_PRODUCTS_DIR; };
/* End PBXFileReference section */

/* Begin PBXFrameworksBuildPhase section */
		B8B63102226239C20049B2C5 /* Frameworks */ = {
			isa = PBXFrameworksBuildPhase;
			buildActionMask = 2147483647;
			files = (
				1C61FA3AA1419E64CC41D1C7 /* Pods_Banner.framework in Frameworks */,
			);
			runOnlyForDeploymentPostprocessing = 0;
		};
		B8B63116226239C50049B2C5 /* Frameworks */ = {
			isa = PBXFrameworksBuildPhase;
			buildActionMask = 2147483647;
			files = (
			);
			runOnlyForDeploymentPostprocessing = 0;
		};
		B8B63121226239C50049B2C5 /* Frameworks */ = {
			isa = PBXFrameworksBuildPhase;
			buildActionMask = 2147483647;
			files = (
			);
			runOnlyForDeploymentPostprocessing = 0;
		};
/* End PBXFrameworksBuildPhase section */

/* Begin PBXGroup section */
		0DA769E7920D046906EBBA7E /* Frameworks */ = {
			isa = PBXGroup;
			children = (
				BB35B4F3FBFA5C18A0AE3C7F /* Pods_Banner.framework */,
			);
			name = Frameworks;
			sourceTree = "<group>";
		};
		956D79EA22F431FA004388D1 /* JatisDatePicker */ = {
			isa = PBXGroup;
			children = (
				956D79EB22F431FA004388D1 /* JatisDatePicker.swift */,
				956D79EC22F431FA004388D1 /* UIApplicationExtension.swift */,
				956D79ED22F431FA004388D1 /* UIViewExtension.swift */,
				956D79F422F4322F004388D1 /* DateExtension.swift */,
			);
			path = JatisDatePicker;
			sourceTree = "<group>";
		};
		956D79F122F43204004388D1 /* JatisDatePicker */ = {
			isa = PBXGroup;
			children = (
				956D79F222F4321F004388D1 /* DatePickerVC.swift */,
			);
			path = JatisDatePicker;
			sourceTree = "<group>";
		};
		A21FA170FD27F9D6294B595A /* Pods */ = {
			isa = PBXGroup;
			children = (
				2B7D0C9AB06AAEC8CABC150D /* Pods-Banner.debug.xcconfig */,
				8FB3DCDEB81AEF91C06EA10D /* Pods-Banner.release.xcconfig */,
			);
			path = Pods;
			sourceTree = "<group>";
		};
		B83FA50D2278131300B86370 /* JatisCalendar */ = {
			isa = PBXGroup;
			children = (
				B83FA50E2278132500B86370 /* JatisCalendar.swift */,
			);
			path = JatisCalendar;
			sourceTree = "<group>";
		};
		B83FA5102278152900B86370 /* JatisCalendar */ = {
			isa = PBXGroup;
			children = (
				B83FA5112278153B00B86370 /* JatisCalendarViewController.swift */,
			);
			path = JatisCalendar;
			sourceTree = "<group>";
		};
		B84297142276E29100B2EDE5 /* JatisTextField */ = {
			isa = PBXGroup;
			children = (
				B84297152276E2A600B2EDE5 /* TextFieldViewController.swift */,
			);
			path = JatisTextField;
			sourceTree = "<group>";
		};
		B84297172276E32C00B2EDE5 /* JatisTextField */ = {
			isa = PBXGroup;
			children = (
				B84297182276E34700B2EDE5 /* JatisTextField.swift */,
				B85E3942227ABB0F005FBB46 /* eye.png */,
				B8882CC3227E9D9F000C9050 /* JatisTextField2.swift */,
			);
			path = JatisTextField;
			sourceTree = "<group>";
		};
		B86BDD9222F1928900C5368D /* JatisTextView */ = {
			isa = PBXGroup;
			children = (
				B86BDD9322F192B000C5368D /* JatisTextView.swift */,
			);
			path = JatisTextView;
			sourceTree = "<group>";
		};
		B86BDD9522F1953D00C5368D /* JatisTextView */ = {
			isa = PBXGroup;
			children = (
				B86BDD9622F1955000C5368D /* TextViewVC.swift */,
			);
			path = JatisTextView;
			sourceTree = "<group>";
		};
		B8B4393F226F0D4800DF79C8 /* JatisBanner */ = {
			isa = PBXGroup;
			children = (
				B8B6313622623A1F0049B2C5 /* JatisBanner.swift */,
				B8B43940226F0D7700DF79C8 /* CollectionViewJatisBannerExtension.swift */,
				B8882CC1227E96F4000C9050 /* JatisBanner2.swift */,
			);
			path = JatisBanner;
			sourceTree = "<group>";
		};
		B8B630FC226239C20049B2C5 = {
			isa = PBXGroup;
			children = (
				B8B63107226239C20049B2C5 /* Banner */,
				B8B6311C226239C50049B2C5 /* BannerTests */,
				B8B63127226239C50049B2C5 /* BannerUITests */,
				B8B63106226239C20049B2C5 /* Products */,
				A21FA170FD27F9D6294B595A /* Pods */,
				0DA769E7920D046906EBBA7E /* Frameworks */,
			);
			sourceTree = "<group>";
		};
		B8B63106226239C20049B2C5 /* Products */ = {
			isa = PBXGroup;
			children = (
				B8B63105226239C20049B2C5 /* Banner.app */,
				B8B63119226239C50049B2C5 /* BannerTests.xctest */,
				B8B63124226239C50049B2C5 /* BannerUITests.xctest */,
			);
			name = Products;
			sourceTree = "<group>";
		};
		B8B63107226239C20049B2C5 /* Banner */ = {
			isa = PBXGroup;
			children = (
				956D79EA22F431FA004388D1 /* JatisDatePicker */,
				B86BDD9222F1928900C5368D /* JatisTextView */,
				B8CB50D122C211BA006E0BE7 /* JatisPopUpTable */,
				B83FA50D2278131300B86370 /* JatisCalendar */,
				B84297172276E32C00B2EDE5 /* JatisTextField */,
				B8DAF5FA227036AE00B9DD15 /* JatisView */,
				B8B4393F226F0D4800DF79C8 /* JatisBanner */,
				B8B63108226239C20049B2C5 /* AppDelegate.swift */,
				B8DAF5FB227037BC00B9DD15 /* Implementation */,
				B8B6310C226239C20049B2C5 /* Main.storyboard */,
				B8B6310F226239C40049B2C5 /* Assets.xcassets */,
				B8B63111226239C40049B2C5 /* LaunchScreen.storyboard */,
				B8B63114226239C40049B2C5 /* Info.plist */,
				B80E629722683AD800DFDB71 /* Pics */,
			);
			path = Banner;
			sourceTree = "<group>";
		};
		B8B6311C226239C50049B2C5 /* BannerTests */ = {
			isa = PBXGroup;
			children = (
				B8B6311D226239C50049B2C5 /* BannerTests.swift */,
				B8B6311F226239C50049B2C5 /* Info.plist */,
			);
			path = BannerTests;
			sourceTree = "<group>";
		};
		B8B63127226239C50049B2C5 /* BannerUITests */ = {
			isa = PBXGroup;
			children = (
				B8B63128226239C50049B2C5 /* BannerUITests.swift */,
				B8B6312A226239C50049B2C5 /* Info.plist */,
			);
			path = BannerUITests;
			sourceTree = "<group>";
		};
		B8CB50CE22C2113C006E0BE7 /* JatisPopUpTable */ = {
			isa = PBXGroup;
			children = (
				B8CB50CF22C211A0006E0BE7 /* TablePopUpViewController.swift */,
			);
			path = JatisPopUpTable;
			sourceTree = "<group>";
		};
		B8CB50D122C211BA006E0BE7 /* JatisPopUpTable */ = {
			isa = PBXGroup;
			children = (
				B8FB4EB722C2123A0026097C /* JatisPopUpTable.swift */,
			);
			path = JatisPopUpTable;
			sourceTree = "<group>";
		};
		B8DAF5FA227036AE00B9DD15 /* JatisView */ = {
			isa = PBXGroup;
			children = (
				B8DAF5FF2270492A00B9DD15 /* JatisShadow.swift */,
			);
			path = JatisView;
			sourceTree = "<group>";
		};
		B8DAF5FB227037BC00B9DD15 /* Implementation */ = {
			isa = PBXGroup;
			children = (
				956D79F122F43204004388D1 /* JatisDatePicker */,
				B86BDD9522F1953D00C5368D /* JatisTextView */,
				B8CB50CE22C2113C006E0BE7 /* JatisPopUpTable */,
				B83FA5102278152900B86370 /* JatisCalendar */,
				B84297142276E29100B2EDE5 /* JatisTextField */,
				B8DAF5FC227037C600B9DD15 /* JatisBanner */,
				B8DAF60222704BCC00B9DD15 /* JatisView */,
			);
			path = Implementation;
			sourceTree = "<group>";
		};
		B8DAF5FC227037C600B9DD15 /* JatisBanner */ = {
			isa = PBXGroup;
			children = (
				B8B6310A226239C20049B2C5 /* LoadBannerViewController.swift */,
				B8DAF5FD227037E700B9DD15 /* ExampleBannerViewController.swift */,
			);
			path = JatisBanner;
			sourceTree = "<group>";
		};
		B8DAF60222704BCC00B9DD15 /* JatisView */ = {
			isa = PBXGroup;
			children = (
				B8DAF6072270672000B9DD15 /* JatisSubView */,
				B8DAF60322704BF700B9DD15 /* JatisViewLoaderVC.swift */,
				B8012BB822706DA200392DD4 /* ExampleJatisViewVC.swift */,
			);
			path = JatisView;
			sourceTree = "<group>";
		};
		B8DAF6072270672000B9DD15 /* JatisSubView */ = {
			isa = PBXGroup;
			children = (
				B8012BB42270675700392DD4 /* someView.xib */,
				B8012BB622706D3C00392DD4 /* SomeView.swift */,
			);
			path = JatisSubView;
			sourceTree = "<group>";
		};
/* End PBXGroup section */

/* Begin PBXNativeTarget section */
		B8B63104226239C20049B2C5 /* Banner */ = {
			isa = PBXNativeTarget;
			buildConfigurationList = B8B6312D226239C50049B2C5 /* Build configuration list for PBXNativeTarget "Banner" */;
			buildPhases = (
				8A5A036FFE6A055FF1FB53E0 /* [CP] Check Pods Manifest.lock */,
				B8B63101226239C20049B2C5 /* Sources */,
				B8B63102226239C20049B2C5 /* Frameworks */,
				B8B63103226239C20049B2C5 /* Resources */,
				0821D1E60B144B86DFBC1F1C /* [CP] Embed Pods Frameworks */,
			);
			buildRules = (
			);
			dependencies = (
			);
			name = Banner;
			productName = Banner;
			productReference = B8B63105226239C20049B2C5 /* Banner.app */;
			productType = "com.apple.product-type.application";
		};
		B8B63118226239C50049B2C5 /* BannerTests */ = {
			isa = PBXNativeTarget;
			buildConfigurationList = B8B63130226239C50049B2C5 /* Build configuration list for PBXNativeTarget "BannerTests" */;
			buildPhases = (
				B8B63115226239C50049B2C5 /* Sources */,
				B8B63116226239C50049B2C5 /* Frameworks */,
				B8B63117226239C50049B2C5 /* Resources */,
			);
			buildRules = (
			);
			dependencies = (
				B8B6311B226239C50049B2C5 /* PBXTargetDependency */,
			);
			name = BannerTests;
			productName = BannerTests;
			productReference = B8B63119226239C50049B2C5 /* BannerTests.xctest */;
			productType = "com.apple.product-type.bundle.unit-test";
		};
		B8B63123226239C50049B2C5 /* BannerUITests */ = {
			isa = PBXNativeTarget;
			buildConfigurationList = B8B63133226239C50049B2C5 /* Build configuration list for PBXNativeTarget "BannerUITests" */;
			buildPhases = (
				B8B63120226239C50049B2C5 /* Sources */,
				B8B63121226239C50049B2C5 /* Frameworks */,
				B8B63122226239C50049B2C5 /* Resources */,
			);
			buildRules = (
			);
			dependencies = (
				B8B63126226239C50049B2C5 /* PBXTargetDependency */,
			);
			name = BannerUITests;
			productName = BannerUITests;
			productReference = B8B63124226239C50049B2C5 /* BannerUITests.xctest */;
			productType = "com.apple.product-type.bundle.ui-testing";
		};
/* End PBXNativeTarget section */

/* Begin PBXProject section */
		B8B630FD226239C20049B2C5 /* Project object */ = {
			isa = PBXProject;
			attributes = {
				LastSwiftUpdateCheck = 1020;
				LastUpgradeCheck = 1020;
				ORGANIZATIONNAME = "Jati Piranti Solusindo";
				TargetAttributes = {
					B8B63104226239C20049B2C5 = {
						CreatedOnToolsVersion = 10.2;
					};
					B8B63118226239C50049B2C5 = {
						CreatedOnToolsVersion = 10.2;
						TestTargetID = B8B63104226239C20049B2C5;
					};
					B8B63123226239C50049B2C5 = {
						CreatedOnToolsVersion = 10.2;
						TestTargetID = B8B63104226239C20049B2C5;
					};
				};
			};
			buildConfigurationList = B8B63100226239C20049B2C5 /* Build configuration list for PBXProject "Banner" */;
			compatibilityVersion = "Xcode 9.3";
			developmentRegion = en;
			hasScannedForEncodings = 0;
			knownRegions = (
				en,
				Base,
			);
			mainGroup = B8B630FC226239C20049B2C5;
			productRefGroup = B8B63106226239C20049B2C5 /* Products */;
			projectDirPath = "";
			projectRoot = "";
			targets = (
				B8B63104226239C20049B2C5 /* Banner */,
				B8B63118226239C50049B2C5 /* BannerTests */,
				B8B63123226239C50049B2C5 /* BannerUITests */,
			);
		};
/* End PBXProject section */

/* Begin PBXResourcesBuildPhase section */
		B8B63103226239C20049B2C5 /* Resources */ = {
			isa = PBXResourcesBuildPhase;
			buildActionMask = 2147483647;
			files = (
				B8B63113226239C40049B2C5 /* LaunchScreen.storyboard in Resources */,
				B8B63110226239C40049B2C5 /* Assets.xcassets in Resources */,
				B8B6310E226239C20049B2C5 /* Main.storyboard in Resources */,
				B85E3943227ABB0F005FBB46 /* eye.png in Resources */,
				B80E629822683AD800DFDB71 /* Pics in Resources */,
				B8012BB52270675700392DD4 /* someView.xib in Resources */,
			);
			runOnlyForDeploymentPostprocessing = 0;
		};
		B8B63117226239C50049B2C5 /* Resources */ = {
			isa = PBXResourcesBuildPhase;
			buildActionMask = 2147483647;
			files = (
			);
			runOnlyForDeploymentPostprocessing = 0;
		};
		B8B63122226239C50049B2C5 /* Resources */ = {
			isa = PBXResourcesBuildPhase;
			buildActionMask = 2147483647;
			files = (
			);
			runOnlyForDeploymentPostprocessing = 0;
		};
/* End PBXResourcesBuildPhase section */

/* Begin PBXShellScriptBuildPhase section */
		0821D1E60B144B86DFBC1F1C /* [CP] Embed Pods Frameworks */ = {
			isa = PBXShellScriptBuildPhase;
			buildActionMask = 2147483647;
			files = (
			);
			inputFileListPaths = (
				"${PODS_ROOT}/Target Support Files/Pods-Banner/Pods-Banner-frameworks-${CONFIGURATION}-input-files.xcfilelist",
			);
			name = "[CP] Embed Pods Frameworks";
			outputFileListPaths = (
				"${PODS_ROOT}/Target Support Files/Pods-Banner/Pods-Banner-frameworks-${CONFIGURATION}-output-files.xcfilelist",
			);
			runOnlyForDeploymentPostprocessing = 0;
			shellPath = /bin/sh;
			shellScript = "\"${PODS_ROOT}/Target Support Files/Pods-Banner/Pods-Banner-frameworks.sh\"\n";
			showEnvVarsInLog = 0;
		};
		8A5A036FFE6A055FF1FB53E0 /* [CP] Check Pods Manifest.lock */ = {
			isa = PBXShellScriptBuildPhase;
			buildActionMask = 2147483647;
			files = (
			);
			inputFileListPaths = (
			);
			inputPaths = (
				"${PODS_PODFILE_DIR_PATH}/Podfile.lock",
				"${PODS_ROOT}/Manifest.lock",
			);
			name = "[CP] Check Pods Manifest.lock";
			outputFileListPaths = (
			);
			outputPaths = (
				"$(DERIVED_FILE_DIR)/Pods-Banner-checkManifestLockResult.txt",
			);
			runOnlyForDeploymentPostprocessing = 0;
			shellPath = /bin/sh;
			shellScript = "diff \"${PODS_PODFILE_DIR_PATH}/Podfile.lock\" \"${PODS_ROOT}/Manifest.lock\" > /dev/null\nif [ $? != 0 ] ; then\n    # print error to STDERR\n    echo \"error: The sandbox is not in sync with the Podfile.lock. Run 'pod install' or update your CocoaPods installation.\" >&2\n    exit 1\nfi\n# This output is used by Xcode 'outputs' to avoid re-running this script phase.\necho \"SUCCESS\" > \"${SCRIPT_OUTPUT_FILE_0}\"\n";
			showEnvVarsInLog = 0;
		};
/* End PBXShellScriptBuildPhase section */

/* Begin PBXSourcesBuildPhase section */
		B8B63101226239C20049B2C5 /* Sources */ = {
			isa = PBXSourcesBuildPhase;
			buildActionMask = 2147483647;
			files = (
				B8882CC2227E96F4000C9050 /* JatisBanner2.swift in Sources */,
				956D79F522F4322F004388D1 /* DateExtension.swift in Sources */,
				B84297162276E2A600B2EDE5 /* TextFieldViewController.swift in Sources */,
				956D79F022F431FA004388D1 /* UIViewExtension.swift in Sources */,
				B8012BB722706D3C00392DD4 /* SomeView.swift in Sources */,
				B86BDD9422F192B000C5368D /* JatisTextView.swift in Sources */,
				B8DAF60422704BF700B9DD15 /* JatisViewLoaderVC.swift in Sources */,
				B8CB50D022C211A0006E0BE7 /* TablePopUpViewController.swift in Sources */,
				B8DAF5FE227037E700B9DD15 /* ExampleBannerViewController.swift in Sources */,
				B86BDD9722F1955000C5368D /* TextViewVC.swift in Sources */,
				B8882CC4227E9D9F000C9050 /* JatisTextField2.swift in Sources */,
				B8B43941226F0D7700DF79C8 /* CollectionViewJatisBannerExtension.swift in Sources */,
				B8DAF6002270492A00B9DD15 /* JatisShadow.swift in Sources */,
				B8012BB922706DA200392DD4 /* ExampleJatisViewVC.swift in Sources */,
				956D79EF22F431FA004388D1 /* UIApplicationExtension.swift in Sources */,
				B84297192276E34700B2EDE5 /* JatisTextField.swift in Sources */,
				B8B6310B226239C20049B2C5 /* LoadBannerViewController.swift in Sources */,
				956D79F322F4321F004388D1 /* DatePickerVC.swift in Sources */,
				B8B63109226239C20049B2C5 /* AppDelegate.swift in Sources */,
				B8B6313722623A1F0049B2C5 /* JatisBanner.swift in Sources */,
				B83FA5122278153B00B86370 /* JatisCalendarViewController.swift in Sources */,
				B8FB4EB822C2123A0026097C /* JatisPopUpTable.swift in Sources */,
				B83FA50F2278132500B86370 /* JatisCalendar.swift in Sources */,
				956D79EE22F431FA004388D1 /* JatisDatePicker.swift in Sources */,
			);
			runOnlyForDeploymentPostprocessing = 0;
		};
		B8B63115226239C50049B2C5 /* Sources */ = {
			isa = PBXSourcesBuildPhase;
			buildActionMask = 2147483647;
			files = (
				B8B6311E226239C50049B2C5 /* BannerTests.swift in Sources */,
			);
			runOnlyForDeploymentPostprocessing = 0;
		};
		B8B63120226239C50049B2C5 /* Sources */ = {
			isa = PBXSourcesBuildPhase;
			buildActionMask = 2147483647;
			files = (
				B8B63129226239C50049B2C5 /* BannerUITests.swift in Sources */,
			);
			runOnlyForDeploymentPostprocessing = 0;
		};
/* End PBXSourcesBuildPhase section */

/* Begin PBXTargetDependency section */
		B8B6311B226239C50049B2C5 /* PBXTargetDependency */ = {
			isa = PBXTargetDependency;
			target = B8B63104226239C20049B2C5 /* Banner */;
			targetProxy = B8B6311A226239C50049B2C5 /* PBXContainerItemProxy */;
		};
		B8B63126226239C50049B2C5 /* PBXTargetDependency */ = {
			isa = PBXTargetDependency;
			target = B8B63104226239C20049B2C5 /* Banner */;
			targetProxy = B8B63125226239C50049B2C5 /* PBXContainerItemProxy */;
		};
/* End PBXTargetDependency section */

/* Begin PBXVariantGroup section */
		B8B6310C226239C20049B2C5 /* Main.storyboard */ = {
			isa = PBXVariantGroup;
			children = (
				B8B6310D226239C20049B2C5 /* Base */,
			);
			name = Main.storyboard;
			sourceTree = "<group>";
		};
		B8B63111226239C40049B2C5 /* LaunchScreen.storyboard */ = {
			isa = PBXVariantGroup;
			children = (
				B8B63112226239C40049B2C5 /* Base */,
			);
			name = LaunchScreen.storyboard;
			sourceTree = "<group>";
		};
/* End PBXVariantGroup section */

/* Begin XCBuildConfiguration section */
		B8B6312B226239C50049B2C5 /* Debug */ = {
			isa = XCBuildConfiguration;
			buildSettings = {
				ALWAYS_SEARCH_USER_PATHS = NO;
				CLANG_ANALYZER_NONNULL = YES;
				CLANG_ANALYZER_NUMBER_OBJECT_CONVERSION = YES_AGGRESSIVE;
				CLANG_CXX_LANGUAGE_STANDARD = "gnu++14";
				CLANG_CXX_LIBRARY = "libc++";
				CLANG_ENABLE_MODULES = YES;
				CLANG_ENABLE_OBJC_ARC = YES;
				CLANG_ENABLE_OBJC_WEAK = YES;
				CLANG_WARN_BLOCK_CAPTURE_AUTORELEASING = YES;
				CLANG_WARN_BOOL_CONVERSION = YES;
				CLANG_WARN_COMMA = YES;
				CLANG_WARN_CONSTANT_CONVERSION = YES;
				CLANG_WARN_DEPRECATED_OBJC_IMPLEMENTATIONS = YES;
				CLANG_WARN_DIRECT_OBJC_ISA_USAGE = YES_ERROR;
				CLANG_WARN_DOCUMENTATION_COMMENTS = YES;
				CLANG_WARN_EMPTY_BODY = YES;
				CLANG_WARN_ENUM_CONVERSION = YES;
				CLANG_WARN_INFINITE_RECURSION = YES;
				CLANG_WARN_INT_CONVERSION = YES;
				CLANG_WARN_NON_LITERAL_NULL_CONVERSION = YES;
				CLANG_WARN_OBJC_IMPLICIT_RETAIN_SELF = YES;
				CLANG_WARN_OBJC_LITERAL_CONVERSION = YES;
				CLANG_WARN_OBJC_ROOT_CLASS = YES_ERROR;
				CLANG_WARN_RANGE_LOOP_ANALYSIS = YES;
				CLANG_WARN_STRICT_PROTOTYPES = YES;
				CLANG_WARN_SUSPICIOUS_MOVE = YES;
				CLANG_WARN_UNGUARDED_AVAILABILITY = YES_AGGRESSIVE;
				CLANG_WARN_UNREACHABLE_CODE = YES;
				CLANG_WARN__DUPLICATE_METHOD_MATCH = YES;
				CODE_SIGN_IDENTITY = "iPhone Developer";
				COPY_PHASE_STRIP = NO;
				DEBUG_INFORMATION_FORMAT = dwarf;
				ENABLE_STRICT_OBJC_MSGSEND = YES;
				ENABLE_TESTABILITY = YES;
				GCC_C_LANGUAGE_STANDARD = gnu11;
				GCC_DYNAMIC_NO_PIC = NO;
				GCC_NO_COMMON_BLOCKS = YES;
				GCC_OPTIMIZATION_LEVEL = 0;
				GCC_PREPROCESSOR_DEFINITIONS = (
					"DEBUG=1",
					"$(inherited)",
				);
				GCC_WARN_64_TO_32_BIT_CONVERSION = YES;
				GCC_WARN_ABOUT_RETURN_TYPE = YES_ERROR;
				GCC_WARN_UNDECLARED_SELECTOR = YES;
				GCC_WARN_UNINITIALIZED_AUTOS = YES_AGGRESSIVE;
				GCC_WARN_UNUSED_FUNCTION = YES;
				GCC_WARN_UNUSED_VARIABLE = YES;
				IPHONEOS_DEPLOYMENT_TARGET = 12.2;
				MTL_ENABLE_DEBUG_INFO = INCLUDE_SOURCE;
				MTL_FAST_MATH = YES;
				ONLY_ACTIVE_ARCH = YES;
				SDKROOT = iphoneos;
				SWIFT_ACTIVE_COMPILATION_CONDITIONS = DEBUG;
				SWIFT_OPTIMIZATION_LEVEL = "-Onone";
			};
			name = Debug;
		};
		B8B6312C226239C50049B2C5 /* Release */ = {
			isa = XCBuildConfiguration;
			buildSettings = {
				ALWAYS_SEARCH_USER_PATHS = NO;
				CLANG_ANALYZER_NONNULL = YES;
				CLANG_ANALYZER_NUMBER_OBJECT_CONVERSION = YES_AGGRESSIVE;
				CLANG_CXX_LANGUAGE_STANDARD = "gnu++14";
				CLANG_CXX_LIBRARY = "libc++";
				CLANG_ENABLE_MODULES = YES;
				CLANG_ENABLE_OBJC_ARC = YES;
				CLANG_ENABLE_OBJC_WEAK = YES;
				CLANG_WARN_BLOCK_CAPTURE_AUTORELEASING = YES;
				CLANG_WARN_BOOL_CONVERSION = YES;
				CLANG_WARN_COMMA = YES;
				CLANG_WARN_CONSTANT_CONVERSION = YES;
				CLANG_WARN_DEPRECATED_OBJC_IMPLEMENTATIONS = YES;
				CLANG_WARN_DIRECT_OBJC_ISA_USAGE = YES_ERROR;
				CLANG_WARN_DOCUMENTATION_COMMENTS = YES;
				CLANG_WARN_EMPTY_BODY = YES;
				CLANG_WARN_ENUM_CONVERSION = YES;
				CLANG_WARN_INFINITE_RECURSION = YES;
				CLANG_WARN_INT_CONVERSION = YES;
				CLANG_WARN_NON_LITERAL_NULL_CONVERSION = YES;
				CLANG_WARN_OBJC_IMPLICIT_RETAIN_SELF = YES;
				CLANG_WARN_OBJC_LITERAL_CONVERSION = YES;
				CLANG_WARN_OBJC_ROOT_CLASS = YES_ERROR;
				CLANG_WARN_RANGE_LOOP_ANALYSIS = YES;
				CLANG_WARN_STRICT_PROTOTYPES = YES;
				CLANG_WARN_SUSPICIOUS_MOVE = YES;
				CLANG_WARN_UNGUARDED_AVAILABILITY = YES_AGGRESSIVE;
				CLANG_WARN_UNREACHABLE_CODE = YES;
				CLANG_WARN__DUPLICATE_METHOD_MATCH = YES;
				CODE_SIGN_IDENTITY = "iPhone Developer";
				COPY_PHASE_STRIP = NO;
				DEBUG_INFORMATION_FORMAT = "dwarf-with-dsym";
				ENABLE_NS_ASSERTIONS = NO;
				ENABLE_STRICT_OBJC_MSGSEND = YES;
				GCC_C_LANGUAGE_STANDARD = gnu11;
				GCC_NO_COMMON_BLOCKS = YES;
				GCC_WARN_64_TO_32_BIT_CONVERSION = YES;
				GCC_WARN_ABOUT_RETURN_TYPE = YES_ERROR;
				GCC_WARN_UNDECLARED_SELECTOR = YES;
				GCC_WARN_UNINITIALIZED_AUTOS = YES_AGGRESSIVE;
				GCC_WARN_UNUSED_FUNCTION = YES;
				GCC_WARN_UNUSED_VARIABLE = YES;
				IPHONEOS_DEPLOYMENT_TARGET = 12.2;
				MTL_ENABLE_DEBUG_INFO = NO;
				MTL_FAST_MATH = YES;
				SDKROOT = iphoneos;
				SWIFT_COMPILATION_MODE = wholemodule;
				SWIFT_OPTIMIZATION_LEVEL = "-O";
				VALIDATE_PRODUCT = YES;
			};
			name = Release;
		};
		B8B6312E226239C50049B2C5 /* Debug */ = {
			isa = XCBuildConfiguration;
			baseConfigurationReference = 2B7D0C9AB06AAEC8CABC150D /* Pods-Banner.debug.xcconfig */;
			buildSettings = {
				ASSETCATALOG_COMPILER_APPICON_NAME = AppIcon;
				CODE_SIGN_STYLE = Automatic;
				DEVELOPMENT_TEAM = 526K6LFXC7;
				INFOPLIST_FILE = Banner/Info.plist;
				LD_RUNPATH_SEARCH_PATHS = (
					"$(inherited)",
					"@executable_path/Frameworks",
				);
				PRODUCT_BUNDLE_IDENTIFIER = jatis.Banner;
				PRODUCT_NAME = "$(TARGET_NAME)";
				SWIFT_VERSION = 5.0;
				TARGETED_DEVICE_FAMILY = "1,2";
			};
			name = Debug;
		};
		B8B6312F226239C50049B2C5 /* Release */ = {
			isa = XCBuildConfiguration;
			baseConfigurationReference = 8FB3DCDEB81AEF91C06EA10D /* Pods-Banner.release.xcconfig */;
			buildSettings = {
				ASSETCATALOG_COMPILER_APPICON_NAME = AppIcon;
				CODE_SIGN_STYLE = Automatic;
				DEVELOPMENT_TEAM = 526K6LFXC7;
				INFOPLIST_FILE = Banner/Info.plist;
				LD_RUNPATH_SEARCH_PATHS = (
					"$(inherited)",
					"@executable_path/Frameworks",
				);
				PRODUCT_BUNDLE_IDENTIFIER = jatis.Banner;
				PRODUCT_NAME = "$(TARGET_NAME)";
				SWIFT_VERSION = 5.0;
				TARGETED_DEVICE_FAMILY = "1,2";
			};
			name = Release;
		};
		B8B63131226239C50049B2C5 /* Debug */ = {
			isa = XCBuildConfiguration;
			buildSettings = {
				ALWAYS_EMBED_SWIFT_STANDARD_LIBRARIES = YES;
				BUNDLE_LOADER = "$(TEST_HOST)";
				CODE_SIGN_STYLE = Automatic;
				DEVELOPMENT_TEAM = 526K6LFXC7;
				INFOPLIST_FILE = BannerTests/Info.plist;
				LD_RUNPATH_SEARCH_PATHS = (
					"$(inherited)",
					"@executable_path/Frameworks",
					"@loader_path/Frameworks",
				);
				PRODUCT_BUNDLE_IDENTIFIER = jatis.BannerTests;
				PRODUCT_NAME = "$(TARGET_NAME)";
				SWIFT_VERSION = 5.0;
				TARGETED_DEVICE_FAMILY = "1,2";
				TEST_HOST = "$(BUILT_PRODUCTS_DIR)/Banner.app/Banner";
			};
			name = Debug;
		};
		B8B63132226239C50049B2C5 /* Release */ = {
			isa = XCBuildConfiguration;
			buildSettings = {
				ALWAYS_EMBED_SWIFT_STANDARD_LIBRARIES = YES;
				BUNDLE_LOADER = "$(TEST_HOST)";
				CODE_SIGN_STYLE = Automatic;
				DEVELOPMENT_TEAM = 526K6LFXC7;
				INFOPLIST_FILE = BannerTests/Info.plist;
				LD_RUNPATH_SEARCH_PATHS = (
					"$(inherited)",
					"@executable_path/Frameworks",
					"@loader_path/Frameworks",
				);
				PRODUCT_BUNDLE_IDENTIFIER = jatis.BannerTests;
				PRODUCT_NAME = "$(TARGET_NAME)";
				SWIFT_VERSION = 5.0;
				TARGETED_DEVICE_FAMILY = "1,2";
				TEST_HOST = "$(BUILT_PRODUCTS_DIR)/Banner.app/Banner";
			};
			name = Release;
		};
		B8B63134226239C50049B2C5 /* Debug */ = {
			isa = XCBuildConfiguration;
			buildSettings = {
				ALWAYS_EMBED_SWIFT_STANDARD_LIBRARIES = YES;
				CODE_SIGN_STYLE = Automatic;
				DEVELOPMENT_TEAM = 526K6LFXC7;
				INFOPLIST_FILE = BannerUITests/Info.plist;
				LD_RUNPATH_SEARCH_PATHS = (
					"$(inherited)",
					"@executable_path/Frameworks",
					"@loader_path/Frameworks",
				);
				PRODUCT_BUNDLE_IDENTIFIER = jatis.BannerUITests;
				PRODUCT_NAME = "$(TARGET_NAME)";
				SWIFT_VERSION = 5.0;
				TARGETED_DEVICE_FAMILY = "1,2";
				TEST_TARGET_NAME = Banner;
			};
			name = Debug;
		};
		B8B63135226239C50049B2C5 /* Release */ = {
			isa = XCBuildConfiguration;
			buildSettings = {
				ALWAYS_EMBED_SWIFT_STANDARD_LIBRARIES = YES;
				CODE_SIGN_STYLE = Automatic;
				DEVELOPMENT_TEAM = 526K6LFXC7;
				INFOPLIST_FILE = BannerUITests/Info.plist;
				LD_RUNPATH_SEARCH_PATHS = (
					"$(inherited)",
					"@executable_path/Frameworks",
					"@loader_path/Frameworks",
				);
				PRODUCT_BUNDLE_IDENTIFIER = jatis.BannerUITests;
				PRODUCT_NAME = "$(TARGET_NAME)";
				SWIFT_VERSION = 5.0;
				TARGETED_DEVICE_FAMILY = "1,2";
				TEST_TARGET_NAME = Banner;
			};
			name = Release;
		};
/* End XCBuildConfiguration section */

/* Begin XCConfigurationList section */
		B8B63100226239C20049B2C5 /* Build configuration list for PBXProject "Banner" */ = {
			isa = XCConfigurationList;
			buildConfigurations = (
				B8B6312B226239C50049B2C5 /* Debug */,
				B8B6312C226239C50049B2C5 /* Release */,
			);
			defaultConfigurationIsVisible = 0;
			defaultConfigurationName = Release;
		};
		B8B6312D226239C50049B2C5 /* Build configuration list for PBXNativeTarget "Banner" */ = {
			isa = XCConfigurationList;
			buildConfigurations = (
				B8B6312E226239C50049B2C5 /* Debug */,
				B8B6312F226239C50049B2C5 /* Release */,
			);
			defaultConfigurationIsVisible = 0;
			defaultConfigurationName = Release;
		};
		B8B63130226239C50049B2C5 /* Build configuration list for PBXNativeTarget "BannerTests" */ = {
			isa = XCConfigurationList;
			buildConfigurations = (
				B8B63131226239C50049B2C5 /* Debug */,
				B8B63132226239C50049B2C5 /* Release */,
			);
			defaultConfigurationIsVisible = 0;
			defaultConfigurationName = Release;
		};
		B8B63133226239C50049B2C5 /* Build configuration list for PBXNativeTarget "BannerUITests" */ = {
			isa = XCConfigurationList;
			buildConfigurations = (
				B8B63134226239C50049B2C5 /* Debug */,
				B8B63135226239C50049B2C5 /* Release */,
			);
			defaultConfigurationIsVisible = 0;
			defaultConfigurationName = Release;
		};
/* End XCConfigurationList section */
	};
	rootObject = B8B630FD226239C20049B2C5 /* Project object */;
}
